
Microsoft Visual Studio Solution File, Format Version 12.00
# Visual Studio Version 17
VisualStudioVersion = 17.8.34511.84
MinimumVisualStudioVersion = 10.0.40219.1
Project("{FAE04EC0-301F-11D3-BF4B-00C04F79EFBC}") = "SolarSystemEncyclopedia", "SolarSystemEncyclopedia\SolarSystemEncyclopedia.csproj", "{731E5A0F-11A3-48C6-9060-B462AC59BB7C}"
EndProject
Global
	GlobalSection(SolutionConfigurationPlatforms) = preSolution
		Debug|Any CPU = Debug|Any CPU
		Release|Any CPU = Release|Any CPU
	EndGlobalSection
	GlobalSection(ProjectConfigurationPlatforms) = postSolution
		{731E5A0F-11A3-48C6-9060-B462AC59BB7C}.Debug|Any CPU.ActiveCfg = Debug|Any CPU
		{731E5A0F-11A3-48C6-9060-B462AC59BB7C}.Debug|Any CPU.Build.0 = Debug|Any CPU
		{731E5A0F-11A3-48C6-9060-B462AC59BB7C}.Release|Any CPU.ActiveCfg = Release|Any CPU
		{731E5A0F-11A3-48C6-9060-B462AC59BB7C}.Release|Any CPU.Build.0 = Release|Any CPU
	EndGlobalSection
	GlobalSection(SolutionProperties) = preSolution
		HideSolutionNode = FALSE
	EndGlobalSection
	GlobalSection(ExtensibilityGlobals) = postSolution
		SolutionGuid = {3DD2A294-CBC5-4AEB-95DC-09739CDE2C19}
	EndGlobalSection
EndGlobal
